
Microsoft Visual Studio Solution File, Format Version 12.00
# Visual Studio Version 16
VisualStudioVersion = 16.0.30204.135
MinimumVisualStudioVersion = 10.0.40219.1
Project("{FAE04EC0-301F-11D3-BF4B-00C04F79EFBC}") = "Book_aspC", "Book_aspC\Book_aspC.csproj", "{EB89504C-773A-4F07-97C7-2AFEF517E136}"
EndProject
Global
	GlobalSection(SolutionConfigurationPlatforms) = preSolution
		Debug|Any CPU = Debug|Any CPU
		Release|Any CPU = Release|Any CPU
	EndGlobalSection
	GlobalSection(ProjectConfigurationPlatforms) = postSolution
		{EB89504C-773A-4F07-97C7-2AFEF517E136}.Debug|Any CPU.ActiveCfg = Debug|Any CPU
		{EB89504C-773A-4F07-97C7-2AFEF517E136}.Debug|Any CPU.Build.0 = Debug|Any CPU
		{EB89504C-773A-4F07-97C7-2AFEF517E136}.Release|Any CPU.ActiveCfg = Release|Any CPU
		{EB89504C-773A-4F07-97C7-2AFEF517E136}.Release|Any CPU.Build.0 = Release|Any CPU
	EndGlobalSection
	GlobalSection(SolutionProperties) = preSolution
		HideSolutionNode = FALSE
	EndGlobalSection
	GlobalSection(ExtensibilityGlobals) = postSolution
		SolutionGuid = {E14F44B6-ABAC-40CA-B07E-878A57539C93}
	EndGlobalSection
EndGlobal
